{
  "nodes": {
    "nixpkgs": {
      "locked": {
        "lastModified": 1750784235,
        "narHash": "sha256-IYCCkKerO3lMUcMaDRLfwnfyPopQbGWF8iHRd0XcCBc=",
        "owner": "NixOS",
        "repo": "nixpkgs",
        "rev": "a5e9291e97f5ba0b4ba7d657ddedd5f86d11acfd",
        "type": "github"
      },
      "original": {
        "id": "nixpkgs",
        "ref": "nixos-25.05-small",
        "type": "indirect"
      }
    },
    "root": {
      "inputs": {
        "nixpkgs": "nixpkgs"
      }
    }
  },
  "root": "root",
  "version": 7
}
