{
  "nodes": {
    "nixpkgs": {
      "locked": {
        "lastModified": 1789542786,
        "narHash": "sha256-BGtBoaZNpOPDEBLTiWNFdYppnDjGhwrUq5/P15QwrrM=",
        "rev": "4c7870105e7f1fdf9c48688c8d7efc21abf0688a",
        "type": "tarball",
        "url": "https://releases.nixos.org/nixos/26.05/nixos-26.05.9904.4c7870105e7f/nixexprs.tar.zst"
      },
      "original": {
        "id": "nixpkgs",
        "ref": "nixos-26.05",
        "type": "indirect"
      }
    },
    "root": {
      "inputs": {
        "nixpkgs": "nixpkgs"
      }
    }
  },
  "root": "root",
  "version": 7
}
